
Microsoft Visual Studio Solution File, Format Version 11.00
# Visual Studio 2010
Project("{8BC9CEB8-8B4A-11D0-8D11-00A0C91BC942}") = "pSpaceNodeTest", "pSpaceNodeTest\pSpaceNodeTest.vcxproj", "{0D016499-7FC5-44C4-9316-A7849D3F753A}"
EndProject
Global
	GlobalSection(SolutionConfigurationPlatforms) = preSolution
		Debug|Win32 = Debug|Win32
		Debug|x64 = Debug|x64
		Release|Win32 = Release|Win32
		Release|x64 = Release|x64
	EndGlobalSection
	GlobalSection(ProjectConfigurationPlatforms) = postSolution
		{0D016499-7FC5-44C4-9316-A7849D3F753A}.Debug|Win32.ActiveCfg = Debug|Win32
		{0D016499-7FC5-44C4-9316-A7849D3F753A}.Debug|Win32.Build.0 = Debug|Win32
		{0D016499-7FC5-44C4-9316-A7849D3F753A}.Debug|x64.ActiveCfg = Debug|x64
		{0D016499-7FC5-44C4-9316-A7849D3F753A}.Debug|x64.Build.0 = Debug|x64
		{0D016499-7FC5-44C4-9316-A7849D3F753A}.Release|Win32.ActiveCfg = Release|Win32
		{0D016499-7FC5-44C4-9316-A7849D3F753A}.Release|Win32.Build.0 = Release|Win32
		{0D016499-7FC5-44C4-9316-A7849D3F753A}.Release|x64.ActiveCfg = Release|x64
		{0D016499-7FC5-44C4-9316-A7849D3F753A}.Release|x64.Build.0 = Release|x64
	EndGlobalSection
	GlobalSection(SolutionProperties) = preSolution
		HideSolutionNode = FALSE
	EndGlobalSection
EndGlobal
